
Microsoft Visual Studio Solution File, Format Version 12.00
# Visual Studio 15
VisualStudioVersion = 15.0.28307.757
MinimumVisualStudioVersion = 10.0.40219.1
Project("{9A19103F-16F7-4668-BE54-9A1E7A4F7556}") = "MockAPI", "MockAPI\MockAPI.csproj", "{BAAD9DA0-D3F4-4B46-AA37-9915E63B5C42}"
EndProject
Project("{9A19103F-16F7-4668-BE54-9A1E7A4F7556}") = "Model", "Model\Model.csproj", "{D5C7B56A-08DF-4834-92B8-A2D94A34AADB}"
EndProject
Project("{9A19103F-16F7-4668-BE54-9A1E7A4F7556}") = "Service", "Service\Service.csproj", "{069FDCC0-387C-41E6-A6AD-A855C338BC26}"
EndProject
Project("{FAE04EC0-301F-11D3-BF4B-00C04F79EFBC}") = "Repository", "Repository\Repository.csproj", "{94908394-03AC-4C9D-BB93-931358927B55}"
EndProject
Project("{FAE04EC0-301F-11D3-BF4B-00C04F79EFBC}") = "DBFactory", "DBFactory\DBFactory.csproj", "{EFA11497-6A4B-42CE-B661-E27A046E8629}"
EndProject
Global
	GlobalSection(SolutionConfigurationPlatforms) = preSolution
		Debug|Any CPU = Debug|Any CPU
		Release|Any CPU = Release|Any CPU
	EndGlobalSection
	GlobalSection(ProjectConfigurationPlatforms) = postSolution
		{BAAD9DA0-D3F4-4B46-AA37-9915E63B5C42}.Debug|Any CPU.ActiveCfg = Debug|Any CPU
		{BAAD9DA0-D3F4-4B46-AA37-9915E63B5C42}.Debug|Any CPU.Build.0 = Debug|Any CPU
		{BAAD9DA0-D3F4-4B46-AA37-9915E63B5C42}.Release|Any CPU.ActiveCfg = Release|Any CPU
		{BAAD9DA0-D3F4-4B46-AA37-9915E63B5C42}.Release|Any CPU.Build.0 = Release|Any CPU
		{D5C7B56A-08DF-4834-92B8-A2D94A34AADB}.Debug|Any CPU.ActiveCfg = Debug|Any CPU
		{D5C7B56A-08DF-4834-92B8-A2D94A34AADB}.Debug|Any CPU.Build.0 = Debug|Any CPU
		{D5C7B56A-08DF-4834-92B8-A2D94A34AADB}.Release|Any CPU.ActiveCfg = Release|Any CPU
		{D5C7B56A-08DF-4834-92B8-A2D94A34AADB}.Release|Any CPU.Build.0 = Release|Any CPU
		{069FDCC0-387C-41E6-A6AD-A855C338BC26}.Debug|Any CPU.ActiveCfg = Debug|Any CPU
		{069FDCC0-387C-41E6-A6AD-A855C338BC26}.Debug|Any CPU.Build.0 = Debug|Any CPU
		{069FDCC0-387C-41E6-A6AD-A855C338BC26}.Release|Any CPU.ActiveCfg = Release|Any CPU
		{069FDCC0-387C-41E6-A6AD-A855C338BC26}.Release|Any CPU.Build.0 = Release|Any CPU
		{94908394-03AC-4C9D-BB93-931358927B55}.Debug|Any CPU.ActiveCfg = Debug|Any CPU
		{94908394-03AC-4C9D-BB93-931358927B55}.Debug|Any CPU.Build.0 = Debug|Any CPU
		{94908394-03AC-4C9D-BB93-931358927B55}.Release|Any CPU.ActiveCfg = Release|Any CPU
		{94908394-03AC-4C9D-BB93-931358927B55}.Release|Any CPU.Build.0 = Release|Any CPU
		{EFA11497-6A4B-42CE-B661-E27A046E8629}.Debug|Any CPU.ActiveCfg = Debug|Any CPU
		{EFA11497-6A4B-42CE-B661-E27A046E8629}.Debug|Any CPU.Build.0 = Debug|Any CPU
		{EFA11497-6A4B-42CE-B661-E27A046E8629}.Release|Any CPU.ActiveCfg = Release|Any CPU
		{EFA11497-6A4B-42CE-B661-E27A046E8629}.Release|Any CPU.Build.0 = Release|Any CPU
	EndGlobalSection
	GlobalSection(SolutionProperties) = preSolution
		HideSolutionNode = FALSE
	EndGlobalSection
	GlobalSection(ExtensibilityGlobals) = postSolution
		SolutionGuid = {C57AF541-F2F1-414D-B14B-D3E1891C5BB9}
	EndGlobalSection
EndGlobal
